<?xml version="1.0" encoding="utf-8"?>
<Project ToolsVersion="4.0" xmlns="http://schemas.microsoft.com/developer/msbuild/2003">
  <ItemGroup>
    <Filter Include="Headers">
      <UniqueIdentifier>{9ee1d987-f33d-47c0-946b-b165a1e54a2f}</UniqueIdentifier>
    </Filter>
    <Filter Include="GameLogic">
      <UniqueIdentifier>{488fdbfb-bea3-46a6-b223-c2d7580bc632}</UniqueIdentifier>
    </Filter>
    <Filter Include="Menu">
      <UniqueIdentifier>{7aff2fb6-bf96-4a8a-808e-f37f35a247e6}</UniqueIdentifier>
    </Filter>
  </ItemGroup>
  <ItemGroup>
    <ClCompile Include="src\main.cpp" />
    <ClCompile Include="src\GameLoop.cpp">
      <Filter>GameLogic</Filter>
    </ClCompile>
    <ClCompile Include="src\Player.cpp">
      <Filter>GameLogic</Filter>
    </ClCompile>
    <ClCompile Include="src\Tube.cpp">
      <Filter>GameLogic</Filter>
    </ClCompile>
    <ClCompile Include="src\Menu.cpp">
      <Filter>Menu</Filter>
    </ClCompile>
  </ItemGroup>
  <ItemGroup>
    <ClInclude Include="src\Globals.h">
      <Filter>Headers</Filter>
    </ClInclude>
    <ClInclude Include="src\Player.h">
      <Filter>Headers</Filter>
    </ClInclude>
    <ClInclude Include="src\Tube.h">
      <Filter>Headers</Filter>
    </ClInclude>
  </ItemGroup>
</Project>